
Microsoft Visual Studio Solution File, Format Version 12.00
# Visual Studio Version 17
VisualStudioVersion = 17.8.34525.116
MinimumVisualStudioVersion = 10.0.40219.1
Project("{FAE04EC0-301F-11D3-BF4B-00C04F79EFBC}") = "Job_Portal", "Job_Portal.csproj", "{339D09AF-4EF8-4B1D-B2B7-C2DBC6A77746}"
EndProject
Global
	GlobalSection(SolutionConfigurationPlatforms) = preSolution
		Debug|Any CPU = Debug|Any CPU
		Release|Any CPU = Release|Any CPU
	EndGlobalSection
	GlobalSection(ProjectConfigurationPlatforms) = postSolution
		{339D09AF-4EF8-4B1D-B2B7-C2DBC6A77746}.Debug|Any CPU.ActiveCfg = Debug|Any CPU
		{339D09AF-4EF8-4B1D-B2B7-C2DBC6A77746}.Debug|Any CPU.Build.0 = Debug|Any CPU
		{339D09AF-4EF8-4B1D-B2B7-C2DBC6A77746}.Release|Any CPU.ActiveCfg = Release|Any CPU
		{339D09AF-4EF8-4B1D-B2B7-C2DBC6A77746}.Release|Any CPU.Build.0 = Release|Any CPU
	EndGlobalSection
	GlobalSection(SolutionProperties) = preSolution
		HideSolutionNode = FALSE
	EndGlobalSection
	GlobalSection(ExtensibilityGlobals) = postSolution
		SolutionGuid = {0C2DE697-4193-4766-9784-EE839328304E}
	EndGlobalSection
EndGlobal
